
Microsoft Visual Studio Solution File, Format Version 12.00
# Visual Studio Version 16
VisualStudioVersion = 16.0.30611.23
MinimumVisualStudioVersion = 10.0.40219.1
Project("{FAE04EC0-301F-11D3-BF4B-00C04F79EFBC}") = "TCPSocketServer", "TCPSocketServer\TCPSocketServer.csproj", "{1C079DC2-6D76-46B0-A90A-C620264D242D}"
EndProject
Global
	GlobalSection(SolutionConfigurationPlatforms) = preSolution
		Debug|Any CPU = Debug|Any CPU
		Release|Any CPU = Release|Any CPU
	EndGlobalSection
	GlobalSection(ProjectConfigurationPlatforms) = postSolution
		{1C079DC2-6D76-46B0-A90A-C620264D242D}.Debug|Any CPU.ActiveCfg = Debug|Any CPU
		{1C079DC2-6D76-46B0-A90A-C620264D242D}.Debug|Any CPU.Build.0 = Debug|Any CPU
		{1C079DC2-6D76-46B0-A90A-C620264D242D}.Release|Any CPU.ActiveCfg = Release|Any CPU
		{1C079DC2-6D76-46B0-A90A-C620264D242D}.Release|Any CPU.Build.0 = Release|Any CPU
	EndGlobalSection
	GlobalSection(SolutionProperties) = preSolution
		HideSolutionNode = FALSE
	EndGlobalSection
	GlobalSection(ExtensibilityGlobals) = postSolution
		SolutionGuid = {BD5CB825-8E73-426C-AB06-631601EB162D}
	EndGlobalSection
EndGlobal
