
Microsoft Visual Studio Solution File, Format Version 12.00
# Visual Studio Version 17
VisualStudioVersion = 17.7.34202.233
MinimumVisualStudioVersion = 10.0.40219.1
Project("{FAE04EC0-301F-11D3-BF4B-00C04F79EFBC}") = "Consolelb5", "Consolelb5\Consolelb5.csproj", "{0AFF0E66-B0C2-4DA9-80E7-7B2F51D463F5}"
EndProject
Global
	GlobalSection(SolutionConfigurationPlatforms) = preSolution
		Debug|Any CPU = Debug|Any CPU
		Release|Any CPU = Release|Any CPU
	EndGlobalSection
	GlobalSection(ProjectConfigurationPlatforms) = postSolution
		{0AFF0E66-B0C2-4DA9-80E7-7B2F51D463F5}.Debug|Any CPU.ActiveCfg = Debug|Any CPU
		{0AFF0E66-B0C2-4DA9-80E7-7B2F51D463F5}.Debug|Any CPU.Build.0 = Debug|Any CPU
		{0AFF0E66-B0C2-4DA9-80E7-7B2F51D463F5}.Release|Any CPU.ActiveCfg = Release|Any CPU
		{0AFF0E66-B0C2-4DA9-80E7-7B2F51D463F5}.Release|Any CPU.Build.0 = Release|Any CPU
	EndGlobalSection
	GlobalSection(SolutionProperties) = preSolution
		HideSolutionNode = FALSE
	EndGlobalSection
	GlobalSection(ExtensibilityGlobals) = postSolution
		SolutionGuid = {ACBC5768-1DEC-4300-8360-A149C69F0479}
	EndGlobalSection
EndGlobal
